Microsoft Visual Studio Solution File, Format Version 12.00
# Visual Studio Version 17
VisualStudioVersion = 17.5.2.0
MinimumVisualStudioVersion = 10.0.40219.1
Project("{FAE04EC0-301F-11D3-BF4B-00C04F79EFBC}") = "Muazzin", "Muazzin.csproj", "{C988DF51-48BD-14D9-0EDF-0066FC4626D4}"
EndProject
Global
	GlobalSection(SolutionConfigurationPlatforms) = preSolution
		Debug|Any CPU = Debug|Any CPU
		Release|Any CPU = Release|Any CPU
	EndGlobalSection
	GlobalSection(ProjectConfigurationPlatforms) = postSolution
		{C988DF51-48BD-14D9-0EDF-0066FC4626D4}.Debug|Any CPU.ActiveCfg = Debug|Any CPU
		{C988DF51-48BD-14D9-0EDF-0066FC4626D4}.Debug|Any CPU.Build.0 = Debug|Any CPU
		{C988DF51-48BD-14D9-0EDF-0066FC4626D4}.Release|Any CPU.ActiveCfg = Release|Any CPU
		{C988DF51-48BD-14D9-0EDF-0066FC4626D4}.Release|Any CPU.Build.0 = Release|Any CPU
	EndGlobalSection
	GlobalSection(SolutionProperties) = preSolution
		HideSolutionNode = FALSE
	EndGlobalSection
	GlobalSection(ExtensibilityGlobals) = postSolution
		SolutionGuid = {E341B2BB-49F1-4DAB-83B8-885DF3F7CCC7}
	EndGlobalSection
EndGlobal
